
Microsoft Visual Studio Solution File, Format Version 12.00
# Visual Studio Version 17
VisualStudioVersion = 17.2.32616.157
MinimumVisualStudioVersion = 10.0.40219.1
Project("{9A19103F-16F7-4668-BE54-9A1E7A4F7556}") = "AspDotNet", "AspDotNet\AspDotNet.csproj", "{D1B8E23C-6D5C-4DA9-B19F-F1A0B4FC25D1}"
EndProject
Global
	GlobalSection(SolutionConfigurationPlatforms) = preSolution
		Debug|Any CPU = Debug|Any CPU
		Release|Any CPU = Release|Any CPU
	EndGlobalSection
	GlobalSection(ProjectConfigurationPlatforms) = postSolution
		{D1B8E23C-6D5C-4DA9-B19F-F1A0B4FC25D1}.Debug|Any CPU.ActiveCfg = Debug|Any CPU
		{D1B8E23C-6D5C-4DA9-B19F-F1A0B4FC25D1}.Debug|Any CPU.Build.0 = Debug|Any CPU
		{D1B8E23C-6D5C-4DA9-B19F-F1A0B4FC25D1}.Release|Any CPU.ActiveCfg = Release|Any CPU
		{D1B8E23C-6D5C-4DA9-B19F-F1A0B4FC25D1}.Release|Any CPU.Build.0 = Release|Any CPU
	EndGlobalSection
	GlobalSection(SolutionProperties) = preSolution
		HideSolutionNode = FALSE
	EndGlobalSection
	GlobalSection(ExtensibilityGlobals) = postSolution
		SolutionGuid = {F6B42728-E427-4E89-B374-4C50EC78AA5A}
	EndGlobalSection
EndGlobal
